{
  "name": "canvas-api-wrapper",
  "version": "3.1.10",
  "lockfileVersion": 1,
  "requires": true,
  "dependencies": {
    "promise-limit": {
      "version": "2.6.0",
      "resolved": "https://registry.npmjs.org/promise-limit/-/promise-limit-2.6.0.tgz",
      "integrity": "sha512-ZyUYT6/nrx7oDInu6Go128Ck4N2aXqpV8G0QyU3ugGS0PRPOf5Y7v0IF0yZW2pwZCGtHzBftKievNj8491suJw=="
    },
    "tiny-json-http": {
      "version": "7.0.0",
      "resolved": "https://registry.npmjs.org/tiny-json-http/-/tiny-json-http-7.0.0.tgz",
      "integrity": "sha512-g3S2RiSmoZDJOMDTX6uj8GjVsiH4s0W0tb1YKYARoP4cosgIb4CB2i7Cdzn9UJqOrI1b1aNK+cgScPx4TwolQg=="
    }
  }
}
